
Microsoft Visual Studio Solution File, Format Version 12.00
# Visual Studio Version 17
VisualStudioVersion = 17.4.33205.214
MinimumVisualStudioVersion = 10.0.40219.1
Project("{FAE04EC0-301F-11D3-BF4B-00C04F79EFBC}") = "SchoolSite", "SchoolSite\SchoolSite.csproj", "{7676B9CF-9B3C-4CE1-A807-C93CE79F0934}"
EndProject
Project("{FAE04EC0-301F-11D3-BF4B-00C04F79EFBC}") = "Data", "Data\Data.csproj", "{2C5CDF2A-FEFD-4B31-B5E2-85D1F2B64D74}"
EndProject
Global
	GlobalSection(SolutionConfigurationPlatforms) = preSolution
		Debug|Any CPU = Debug|Any CPU
		Release|Any CPU = Release|Any CPU
	EndGlobalSection
	GlobalSection(ProjectConfigurationPlatforms) = postSolution
		{7676B9CF-9B3C-4CE1-A807-C93CE79F0934}.Debug|Any CPU.ActiveCfg = Debug|Any CPU
		{7676B9CF-9B3C-4CE1-A807-C93CE79F0934}.Debug|Any CPU.Build.0 = Debug|Any CPU
		{7676B9CF-9B3C-4CE1-A807-C93CE79F0934}.Release|Any CPU.ActiveCfg = Release|Any CPU
		{7676B9CF-9B3C-4CE1-A807-C93CE79F0934}.Release|Any CPU.Build.0 = Release|Any CPU
		{2C5CDF2A-FEFD-4B31-B5E2-85D1F2B64D74}.Debug|Any CPU.ActiveCfg = Debug|Any CPU
		{2C5CDF2A-FEFD-4B31-B5E2-85D1F2B64D74}.Debug|Any CPU.Build.0 = Debug|Any CPU
		{2C5CDF2A-FEFD-4B31-B5E2-85D1F2B64D74}.Release|Any CPU.ActiveCfg = Release|Any CPU
		{2C5CDF2A-FEFD-4B31-B5E2-85D1F2B64D74}.Release|Any CPU.Build.0 = Release|Any CPU
	EndGlobalSection
	GlobalSection(SolutionProperties) = preSolution
		HideSolutionNode = FALSE
	EndGlobalSection
	GlobalSection(ExtensibilityGlobals) = postSolution
		SolutionGuid = {2A2A14BE-245E-4AE4-A279-4A527DB190BE}
	EndGlobalSection
EndGlobal
